
Microsoft Visual Studio Solution File, Format Version 12.00
# Visual Studio 14
VisualStudioVersion = 14.0.25420.1
MinimumVisualStudioVersion = 10.0.40219.1
Project("{8BC9CEB8-8B4A-11D0-8D11-00A0C91BC942}") = "GDI", "GDI\Lab\GDI.vcxproj", "{0685360C-1B5E-4876-84F4-466BF94B1407}"
EndProject
Project("{8BC9CEB8-8B4A-11D0-8D11-00A0C91BC942}") = "CarBilboard", "GDI\CarBilboard\CarBilboard.vcxproj", "{5E90027C-76BA-48FF-BDDC-8A6034C2654D}"
EndProject
Project("{8BC9CEB8-8B4A-11D0-8D11-00A0C91BC942}") = "Suriken", "GDI\Suriken\Suriken.vcxproj", "{336D9AFB-97E6-4CC9-9F75-C759A1B468EB}"
EndProject
Project("{8BC9CEB8-8B4A-11D0-8D11-00A0C91BC942}") = "Pacman", "GDI\Pacman\Pacman.vcxproj", "{D8C5070E-048D-49ED-A99A-7D4DB4BFC0B2}"
EndProject
Project("{8BC9CEB8-8B4A-11D0-8D11-00A0C91BC942}") = "50Dinara", "GDI\50Dinara\50Dinara.vcxproj", "{7B73D008-EDBF-4F63-9F72-28FF37ABF785}"
EndProject
Project("{8BC9CEB8-8B4A-11D0-8D11-00A0C91BC942}") = "TestPrimer", "GDI\TestPrimer\TestPrimer.vcxproj", "{D588348D-3FB5-4F2A-BC1B-BB101A98A3E5}"
EndProject
Project("{8BC9CEB8-8B4A-11D0-8D11-00A0C91BC942}") = "Circles", "GDI\Circles\Circles.vcxproj", "{4F5DC336-1644-41E3-A892-6BA156961287}"
EndProject
Project("{8BC9CEB8-8B4A-11D0-8D11-00A0C91BC942}") = "Sat", "GDI\Sat\Sat.vcxproj", "{CD05826B-382B-47F2-A948-475F5DB99F27}"
EndProject
Project("{8BC9CEB8-8B4A-11D0-8D11-00A0C91BC942}") = "Trouglovi", "GDI\Trouglovi\Trouglovi.vcxproj", "{C4B37C70-C6CA-4FCF-A220-566B1168E2BA}"
EndProject
Project("{8BC9CEB8-8B4A-11D0-8D11-00A0C91BC942}") = "50Dinara_2", "GDI_2\50Dinara_2\50Dinara_2.vcxproj", "{64058CF0-E78B-430D-9B76-8180524E384C}"
EndProject
Project("{8BC9CEB8-8B4A-11D0-8D11-00A0C91BC942}") = "CarBilboard_2", "GDI_2\CarBilboard_2\CarBilboard_2.vcxproj", "{00AA2F6D-454C-4257-BF49-B959B716EDCE}"
EndProject
Project("{8BC9CEB8-8B4A-11D0-8D11-00A0C91BC942}") = "Circles_2", "GDI_2\Circles_2\Circles_2.vcxproj", "{0097C061-6C99-44AC-95C1-D3A0F467D936}"
EndProject
Project("{8BC9CEB8-8B4A-11D0-8D11-00A0C91BC942}") = "Sat_2", "GDI_2\Sat_2\Sat_2.vcxproj", "{16139F83-9034-4528-9FB5-774C09EF03EC}"
EndProject
Project("{8BC9CEB8-8B4A-11D0-8D11-00A0C91BC942}") = "Trouglovi_2", "GDI_2\Trouglovi_2\Trouglovi_2.vcxproj", "{DF2F1E71-CDC1-4254-B77A-FD4585505E5D}"
EndProject
Project("{8BC9CEB8-8B4A-11D0-8D11-00A0C91BC942}") = "Suriken_2", "GDI_2\Suriken_2\Suriken_2.vcxproj", "{37B2E04E-D434-4644-B7E9-4E202D8A07F7}"
EndProject
Project("{8BC9CEB8-8B4A-11D0-8D11-00A0C91BC942}") = "Cvet_2", "GDI_2\Cvet_2\Cvet_2.vcxproj", "{04BB13FB-8E8D-4400-8C64-3278AD76B62D}"
EndProject
Project("{8BC9CEB8-8B4A-11D0-8D11-00A0C91BC942}") = "Suriken_3", "GDI_2\Suriken_3\Suriken_3.vcxproj", "{6CA71F9A-CD5B-451C-88D1-6DC1172CAE7B}"
EndProject
Project("{8BC9CEB8-8B4A-11D0-8D11-00A0C91BC942}") = "50Dinara_3", "GDI_3\50Dinara_3\50Dinara_3.vcxproj", "{80EA177B-B78A-439E-8332-1CF32FEC94C8}"
EndProject
Project("{8BC9CEB8-8B4A-11D0-8D11-00A0C91BC942}") = "Circles_3", "GDI_3\Circles_3\Circles_3.vcxproj", "{50AD9156-A7B5-4209-847D-6DF1EC424846}"
EndProject
Project("{8BC9CEB8-8B4A-11D0-8D11-00A0C91BC942}") = "Trouglovi_3", "GDI_3\Trouglovi_3\Trouglovi_3.vcxproj", "{251CAD79-7C0C-43CA-97D3-33CB309AFA60}"
EndProject
Project("{8BC9CEB8-8B4A-11D0-8D11-00A0C91BC942}") = "Cvet_3", "GDI_3\Cvet_3\Cvet_3.vcxproj", "{719AD55D-AA26-44F1-A68B-04FC6D24F668}"
EndProject
Project("{8BC9CEB8-8B4A-11D0-8D11-00A0C91BC942}") = "Sat_3", "GDI_3\Sat_3\Sat_3.vcxproj", "{0B65A160-FC67-49D2-B74D-57E30BDC1C73}"
EndProject
Project("{8BC9CEB8-8B4A-11D0-8D11-00A0C91BC942}") = "Suriken_4", "GDI_3\Suriken_4\Suriken_4.vcxproj", "{84C47CE5-1BD2-422C-813E-224D1C27931B}"
EndProject
Project("{8BC9CEB8-8B4A-11D0-8D11-00A0C91BC942}") = "ClioDrive_1", "GDI_3\ClioDrive_1\ClioDrive_1.vcxproj", "{C5DE2DF1-2050-4EB2-B5C9-281594141492}"
EndProject
Project("{8BC9CEB8-8B4A-11D0-8D11-00A0C91BC942}") = "Tocak_1", "GDI_3\Tocak_1\Tocak_1.vcxproj", "{A0DB9D78-FD37-43F1-B2B1-7063433241C4}"
EndProject
Project("{8BC9CEB8-8B4A-11D0-8D11-00A0C91BC942}") = "Reduce_1", "GDI_3\Reduce_1\Reduce_1.vcxproj", "{43E1A639-C01A-49EB-950C-692818ED4462}"
EndProject
Project("{8BC9CEB8-8B4A-11D0-8D11-00A0C91BC942}") = "Pahuljica_1", "GDI_3\Pahuljica_1\Pahuljica_1.vcxproj", "{CAD85765-06AD-4348-BD87-DEF18FAB9430}"
EndProject
Project("{8BC9CEB8-8B4A-11D0-8D11-00A0C91BC942}") = "Rep_1", "GDI_3\Rep_1\Rep_1.vcxproj", "{11A795A4-7FDF-4840-9116-C585984B54E5}"
EndProject
Global
	GlobalSection(SolutionConfigurationPlatforms) = preSolution
		Debug|x64 = Debug|x64
		Debug|x86 = Debug|x86
		Release|x64 = Release|x64
		Release|x86 = Release|x86
	EndGlobalSection
	GlobalSection(ProjectConfigurationPlatforms) = postSolution
		{0685360C-1B5E-4876-84F4-466BF94B1407}.Debug|x64.ActiveCfg = Debug|x64
		{0685360C-1B5E-4876-84F4-466BF94B1407}.Debug|x64.Build.0 = Debug|x64
		{0685360C-1B5E-4876-84F4-466BF94B1407}.Debug|x86.ActiveCfg = Debug|Win32
		{0685360C-1B5E-4876-84F4-466BF94B1407}.Debug|x86.Build.0 = Debug|Win32
		{0685360C-1B5E-4876-84F4-466BF94B1407}.Release|x64.ActiveCfg = Release|x64
		{0685360C-1B5E-4876-84F4-466BF94B1407}.Release|x64.Build.0 = Release|x64
		{0685360C-1B5E-4876-84F4-466BF94B1407}.Release|x86.ActiveCfg = Release|Win32
		{0685360C-1B5E-4876-84F4-466BF94B1407}.Release|x86.Build.0 = Release|Win32
		{5E90027C-76BA-48FF-BDDC-8A6034C2654D}.Debug|x64.ActiveCfg = Debug|x64
		{5E90027C-76BA-48FF-BDDC-8A6034C2654D}.Debug|x64.Build.0 = Debug|x64
		{5E90027C-76BA-48FF-BDDC-8A6034C2654D}.Debug|x86.ActiveCfg = Debug|Win32
		{5E90027C-76BA-48FF-BDDC-8A6034C2654D}.Debug|x86.Build.0 = Debug|Win32
		{5E90027C-76BA-48FF-BDDC-8A6034C2654D}.Release|x64.ActiveCfg = Release|x64
		{5E90027C-76BA-48FF-BDDC-8A6034C2654D}.Release|x64.Build.0 = Release|x64
		{5E90027C-76BA-48FF-BDDC-8A6034C2654D}.Release|x86.ActiveCfg = Release|Win32
		{5E90027C-76BA-48FF-BDDC-8A6034C2654D}.Release|x86.Build.0 = Release|Win32
		{336D9AFB-97E6-4CC9-9F75-C759A1B468EB}.Debug|x64.ActiveCfg = Debug|x64
		{336D9AFB-97E6-4CC9-9F75-C759A1B468EB}.Debug|x64.Build.0 = Debug|x64
		{336D9AFB-97E6-4CC9-9F75-C759A1B468EB}.Debug|x86.ActiveCfg = Debug|Win32
		{336D9AFB-97E6-4CC9-9F75-C759A1B468EB}.Debug|x86.Build.0 = Debug|Win32
		{336D9AFB-97E6-4CC9-9F75-C759A1B468EB}.Release|x64.ActiveCfg = Release|x64
		{336D9AFB-97E6-4CC9-9F75-C759A1B468EB}.Release|x64.Build.0 = Release|x64
		{336D9AFB-97E6-4CC9-9F75-C759A1B468EB}.Release|x86.ActiveCfg = Release|Win32
		{336D9AFB-97E6-4CC9-9F75-C759A1B468EB}.Release|x86.Build.0 = Release|Win32
		{D8C5070E-048D-49ED-A99A-7D4DB4BFC0B2}.Debug|x64.ActiveCfg = Debug|x64
		{D8C5070E-048D-49ED-A99A-7D4DB4BFC0B2}.Debug|x64.Build.0 = Debug|x64
		{D8C5070E-048D-49ED-A99A-7D4DB4BFC0B2}.Debug|x86.ActiveCfg = Debug|Win32
		{D8C5070E-048D-49ED-A99A-7D4DB4BFC0B2}.Debug|x86.Build.0 = Debug|Win32
		{D8C5070E-048D-49ED-A99A-7D4DB4BFC0B2}.Release|x64.ActiveCfg = Release|x64
		{D8C5070E-048D-49ED-A99A-7D4DB4BFC0B2}.Release|x64.Build.0 = Release|x64
		{D8C5070E-048D-49ED-A99A-7D4DB4BFC0B2}.Release|x86.ActiveCfg = Release|Win32
		{D8C5070E-048D-49ED-A99A-7D4DB4BFC0B2}.Release|x86.Build.0 = Release|Win32
		{7B73D008-EDBF-4F63-9F72-28FF37ABF785}.Debug|x64.ActiveCfg = Debug|x64
		{7B73D008-EDBF-4F63-9F72-28FF37ABF785}.Debug|x64.Build.0 = Debug|x64
		{7B73D008-EDBF-4F63-9F72-28FF37ABF785}.Debug|x86.ActiveCfg = Debug|Win32
		{7B73D008-EDBF-4F63-9F72-28FF37ABF785}.Debug|x86.Build.0 = Debug|Win32
		{7B73D008-EDBF-4F63-9F72-28FF37ABF785}.Release|x64.ActiveCfg = Release|x64
		{7B73D008-EDBF-4F63-9F72-28FF37ABF785}.Release|x64.Build.0 = Release|x64
		{7B73D008-EDBF-4F63-9F72-28FF37ABF785}.Release|x86.ActiveCfg = Release|Win32
		{7B73D008-EDBF-4F63-9F72-28FF37ABF785}.Release|x86.Build.0 = Release|Win32
		{D588348D-3FB5-4F2A-BC1B-BB101A98A3E5}.Debug|x64.ActiveCfg = Debug|x64
		{D588348D-3FB5-4F2A-BC1B-BB101A98A3E5}.Debug|x64.Build.0 = Debug|x64
		{D588348D-3FB5-4F2A-BC1B-BB101A98A3E5}.Debug|x86.ActiveCfg = Debug|Win32
		{D588348D-3FB5-4F2A-BC1B-BB101A98A3E5}.Debug|x86.Build.0 = Debug|Win32
		{D588348D-3FB5-4F2A-BC1B-BB101A98A3E5}.Release|x64.ActiveCfg = Release|x64
		{D588348D-3FB5-4F2A-BC1B-BB101A98A3E5}.Release|x64.Build.0 = Release|x64
		{D588348D-3FB5-4F2A-BC1B-BB101A98A3E5}.Release|x86.ActiveCfg = Release|Win32
		{D588348D-3FB5-4F2A-BC1B-BB101A98A3E5}.Release|x86.Build.0 = Release|Win32
		{4F5DC336-1644-41E3-A892-6BA156961287}.Debug|x64.ActiveCfg = Debug|x64
		{4F5DC336-1644-41E3-A892-6BA156961287}.Debug|x64.Build.0 = Debug|x64
		{4F5DC336-1644-41E3-A892-6BA156961287}.Debug|x86.ActiveCfg = Debug|Win32
		{4F5DC336-1644-41E3-A892-6BA156961287}.Debug|x86.Build.0 = Debug|Win32
		{4F5DC336-1644-41E3-A892-6BA156961287}.Release|x64.ActiveCfg = Release|x64
		{4F5DC336-1644-41E3-A892-6BA156961287}.Release|x64.Build.0 = Release|x64
		{4F5DC336-1644-41E3-A892-6BA156961287}.Release|x86.ActiveCfg = Release|Win32
		{4F5DC336-1644-41E3-A892-6BA156961287}.Release|x86.Build.0 = Release|Win32
		{CD05826B-382B-47F2-A948-475F5DB99F27}.Debug|x64.ActiveCfg = Debug|x64
		{CD05826B-382B-47F2-A948-475F5DB99F27}.Debug|x64.Build.0 = Debug|x64
		{CD05826B-382B-47F2-A948-475F5DB99F27}.Debug|x86.ActiveCfg = Debug|Win32
		{CD05826B-382B-47F2-A948-475F5DB99F27}.Debug|x86.Build.0 = Debug|Win32
		{CD05826B-382B-47F2-A948-475F5DB99F27}.Release|x64.ActiveCfg = Release|x64
		{CD05826B-382B-47F2-A948-475F5DB99F27}.Release|x64.Build.0 = Release|x64
		{CD05826B-382B-47F2-A948-475F5DB99F27}.Release|x86.ActiveCfg = Release|Win32
		{CD05826B-382B-47F2-A948-475F5DB99F27}.Release|x86.Build.0 = Release|Win32
		{C4B37C70-C6CA-4FCF-A220-566B1168E2BA}.Debug|x64.ActiveCfg = Debug|x64
		{C4B37C70-C6CA-4FCF-A220-566B1168E2BA}.Debug|x64.Build.0 = Debug|x64
		{C4B37C70-C6CA-4FCF-A220-566B1168E2BA}.Debug|x86.ActiveCfg = Debug|Win32
		{C4B37C70-C6CA-4FCF-A220-566B1168E2BA}.Debug|x86.Build.0 = Debug|Win32
		{C4B37C70-C6CA-4FCF-A220-566B1168E2BA}.Release|x64.ActiveCfg = Release|x64
		{C4B37C70-C6CA-4FCF-A220-566B1168E2BA}.Release|x64.Build.0 = Release|x64
		{C4B37C70-C6CA-4FCF-A220-566B1168E2BA}.Release|x86.ActiveCfg = Release|Win32
		{C4B37C70-C6CA-4FCF-A220-566B1168E2BA}.Release|x86.Build.0 = Release|Win32
		{64058CF0-E78B-430D-9B76-8180524E384C}.Debug|x64.ActiveCfg = Debug|x64
		{64058CF0-E78B-430D-9B76-8180524E384C}.Debug|x64.Build.0 = Debug|x64
		{64058CF0-E78B-430D-9B76-8180524E384C}.Debug|x86.ActiveCfg = Debug|Win32
		{64058CF0-E78B-430D-9B76-8180524E384C}.Debug|x86.Build.0 = Debug|Win32
		{64058CF0-E78B-430D-9B76-8180524E384C}.Release|x64.ActiveCfg = Release|x64
		{64058CF0-E78B-430D-9B76-8180524E384C}.Release|x64.Build.0 = Release|x64
		{64058CF0-E78B-430D-9B76-8180524E384C}.Release|x86.ActiveCfg = Release|Win32
		{64058CF0-E78B-430D-9B76-8180524E384C}.Release|x86.Build.0 = Release|Win32
		{00AA2F6D-454C-4257-BF49-B959B716EDCE}.Debug|x64.ActiveCfg = Debug|x64
		{00AA2F6D-454C-4257-BF49-B959B716EDCE}.Debug|x64.Build.0 = Debug|x64
		{00AA2F6D-454C-4257-BF49-B959B716EDCE}.Debug|x86.ActiveCfg = Debug|Win32
		{00AA2F6D-454C-4257-BF49-B959B716EDCE}.Debug|x86.Build.0 = Debug|Win32
		{00AA2F6D-454C-4257-BF49-B959B716EDCE}.Release|x64.ActiveCfg = Release|x64
		{00AA2F6D-454C-4257-BF49-B959B716EDCE}.Release|x64.Build.0 = Release|x64
		{00AA2F6D-454C-4257-BF49-B959B716EDCE}.Release|x86.ActiveCfg = Release|Win32
		{00AA2F6D-454C-4257-BF49-B959B716EDCE}.Release|x86.Build.0 = Release|Win32
		{0097C061-6C99-44AC-95C1-D3A0F467D936}.Debug|x64.ActiveCfg = Debug|x64
		{0097C061-6C99-44AC-95C1-D3A0F467D936}.Debug|x64.Build.0 = Debug|x64
		{0097C061-6C99-44AC-95C1-D3A0F467D936}.Debug|x86.ActiveCfg = Debug|Win32
		{0097C061-6C99-44AC-95C1-D3A0F467D936}.Debug|x86.Build.0 = Debug|Win32
		{0097C061-6C99-44AC-95C1-D3A0F467D936}.Release|x64.ActiveCfg = Release|x64
		{0097C061-6C99-44AC-95C1-D3A0F467D936}.Release|x64.Build.0 = Release|x64
		{0097C061-6C99-44AC-95C1-D3A0F467D936}.Release|x86.ActiveCfg = Release|Win32
		{0097C061-6C99-44AC-95C1-D3A0F467D936}.Release|x86.Build.0 = Release|Win32
		{16139F83-9034-4528-9FB5-774C09EF03EC}.Debug|x64.ActiveCfg = Debug|x64
		{16139F83-9034-4528-9FB5-774C09EF03EC}.Debug|x64.Build.0 = Debug|x64
		{16139F83-9034-4528-9FB5-774C09EF03EC}.Debug|x86.ActiveCfg = Debug|Win32
		{16139F83-9034-4528-9FB5-774C09EF03EC}.Debug|x86.Build.0 = Debug|Win32
		{16139F83-9034-4528-9FB5-774C09EF03EC}.Release|x64.ActiveCfg = Release|x64
		{16139F83-9034-4528-9FB5-774C09EF03EC}.Release|x64.Build.0 = Release|x64
		{16139F83-9034-4528-9FB5-774C09EF03EC}.Release|x86.ActiveCfg = Release|Win32
		{16139F83-9034-4528-9FB5-774C09EF03EC}.Release|x86.Build.0 = Release|Win32
		{DF2F1E71-CDC1-4254-B77A-FD4585505E5D}.Debug|x64.ActiveCfg = Debug|x64
		{DF2F1E71-CDC1-4254-B77A-FD4585505E5D}.Debug|x64.Build.0 = Debug|x64
		{DF2F1E71-CDC1-4254-B77A-FD4585505E5D}.Debug|x86.ActiveCfg = Debug|Win32
		{DF2F1E71-CDC1-4254-B77A-FD4585505E5D}.Debug|x86.Build.0 = Debug|Win32
		{DF2F1E71-CDC1-4254-B77A-FD4585505E5D}.Release|x64.ActiveCfg = Release|x64
		{DF2F1E71-CDC1-4254-B77A-FD4585505E5D}.Release|x64.Build.0 = Release|x64
		{DF2F1E71-CDC1-4254-B77A-FD4585505E5D}.Release|x86.ActiveCfg = Release|Win32
		{DF2F1E71-CDC1-4254-B77A-FD4585505E5D}.Release|x86.Build.0 = Release|Win32
		{37B2E04E-D434-4644-B7E9-4E202D8A07F7}.Debug|x64.ActiveCfg = Debug|x64
		{37B2E04E-D434-4644-B7E9-4E202D8A07F7}.Debug|x64.Build.0 = Debug|x64
		{37B2E04E-D434-4644-B7E9-4E202D8A07F7}.Debug|x86.ActiveCfg = Debug|Win32
		{37B2E04E-D434-4644-B7E9-4E202D8A07F7}.Debug|x86.Build.0 = Debug|Win32
		{37B2E04E-D434-4644-B7E9-4E202D8A07F7}.Release|x64.ActiveCfg = Release|x64
		{37B2E04E-D434-4644-B7E9-4E202D8A07F7}.Release|x64.Build.0 = Release|x64
		{37B2E04E-D434-4644-B7E9-4E202D8A07F7}.Release|x86.ActiveCfg = Release|Win32
		{37B2E04E-D434-4644-B7E9-4E202D8A07F7}.Release|x86.Build.0 = Release|Win32
		{04BB13FB-8E8D-4400-8C64-3278AD76B62D}.Debug|x64.ActiveCfg = Debug|x64
		{04BB13FB-8E8D-4400-8C64-3278AD76B62D}.Debug|x64.Build.0 = Debug|x64
		{04BB13FB-8E8D-4400-8C64-3278AD76B62D}.Debug|x86.ActiveCfg = Debug|Win32
		{04BB13FB-8E8D-4400-8C64-3278AD76B62D}.Debug|x86.Build.0 = Debug|Win32
		{04BB13FB-8E8D-4400-8C64-3278AD76B62D}.Release|x64.ActiveCfg = Release|x64
		{04BB13FB-8E8D-4400-8C64-3278AD76B62D}.Release|x64.Build.0 = Release|x64
		{04BB13FB-8E8D-4400-8C64-3278AD76B62D}.Release|x86.ActiveCfg = Release|Win32
		{04BB13FB-8E8D-4400-8C64-3278AD76B62D}.Release|x86.Build.0 = Release|Win32
		{6CA71F9A-CD5B-451C-88D1-6DC1172CAE7B}.Debug|x64.ActiveCfg = Debug|x64
		{6CA71F9A-CD5B-451C-88D1-6DC1172CAE7B}.Debug|x64.Build.0 = Debug|x64
		{6CA71F9A-CD5B-451C-88D1-6DC1172CAE7B}.Debug|x86.ActiveCfg = Debug|Win32
		{6CA71F9A-CD5B-451C-88D1-6DC1172CAE7B}.Debug|x86.Build.0 = Debug|Win32
		{6CA71F9A-CD5B-451C-88D1-6DC1172CAE7B}.Release|x64.ActiveCfg = Release|x64
		{6CA71F9A-CD5B-451C-88D1-6DC1172CAE7B}.Release|x64.Build.0 = Release|x64
		{6CA71F9A-CD5B-451C-88D1-6DC1172CAE7B}.Release|x86.ActiveCfg = Release|Win32
		{6CA71F9A-CD5B-451C-88D1-6DC1172CAE7B}.Release|x86.Build.0 = Release|Win32
		{80EA177B-B78A-439E-8332-1CF32FEC94C8}.Debug|x64.ActiveCfg = Debug|x64
		{80EA177B-B78A-439E-8332-1CF32FEC94C8}.Debug|x64.Build.0 = Debug|x64
		{80EA177B-B78A-439E-8332-1CF32FEC94C8}.Debug|x86.ActiveCfg = Debug|Win32
		{80EA177B-B78A-439E-8332-1CF32FEC94C8}.Debug|x86.Build.0 = Debug|Win32
		{80EA177B-B78A-439E-8332-1CF32FEC94C8}.Release|x64.ActiveCfg = Release|x64
		{80EA177B-B78A-439E-8332-1CF32FEC94C8}.Release|x64.Build.0 = Release|x64
		{80EA177B-B78A-439E-8332-1CF32FEC94C8}.Release|x86.ActiveCfg = Release|Win32
		{80EA177B-B78A-439E-8332-1CF32FEC94C8}.Release|x86.Build.0 = Release|Win32
		{50AD9156-A7B5-4209-847D-6DF1EC424846}.Debug|x64.ActiveCfg = Debug|x64
		{50AD9156-A7B5-4209-847D-6DF1EC424846}.Debug|x64.Build.0 = Debug|x64
		{50AD9156-A7B5-4209-847D-6DF1EC424846}.Debug|x86.ActiveCfg = Debug|Win32
		{50AD9156-A7B5-4209-847D-6DF1EC424846}.Debug|x86.Build.0 = Debug|Win32
		{50AD9156-A7B5-4209-847D-6DF1EC424846}.Release|x64.ActiveCfg = Release|x64
		{50AD9156-A7B5-4209-847D-6DF1EC424846}.Release|x64.Build.0 = Release|x64
		{50AD9156-A7B5-4209-847D-6DF1EC424846}.Release|x86.ActiveCfg = Release|Win32
		{50AD9156-A7B5-4209-847D-6DF1EC424846}.Release|x86.Build.0 = Release|Win32
		{251CAD79-7C0C-43CA-97D3-33CB309AFA60}.Debug|x64.ActiveCfg = Debug|x64
		{251CAD79-7C0C-43CA-97D3-33CB309AFA60}.Debug|x64.Build.0 = Debug|x64
		{251CAD79-7C0C-43CA-97D3-33CB309AFA60}.Debug|x86.ActiveCfg = Debug|Win32
		{251CAD79-7C0C-43CA-97D3-33CB309AFA60}.Debug|x86.Build.0 = Debug|Win32
		{251CAD79-7C0C-43CA-97D3-33CB309AFA60}.Release|x64.ActiveCfg = Release|x64
		{251CAD79-7C0C-43CA-97D3-33CB309AFA60}.Release|x64.Build.0 = Release|x64
		{251CAD79-7C0C-43CA-97D3-33CB309AFA60}.Release|x86.ActiveCfg = Release|Win32
		{251CAD79-7C0C-43CA-97D3-33CB309AFA60}.Release|x86.Build.0 = Release|Win32
		{719AD55D-AA26-44F1-A68B-04FC6D24F668}.Debug|x64.ActiveCfg = Debug|x64
		{719AD55D-AA26-44F1-A68B-04FC6D24F668}.Debug|x64.Build.0 = Debug|x64
		{719AD55D-AA26-44F1-A68B-04FC6D24F668}.Debug|x86.ActiveCfg = Debug|Win32
		{719AD55D-AA26-44F1-A68B-04FC6D24F668}.Debug|x86.Build.0 = Debug|Win32
		{719AD55D-AA26-44F1-A68B-04FC6D24F668}.Release|x64.ActiveCfg = Release|x64
		{719AD55D-AA26-44F1-A68B-04FC6D24F668}.Release|x64.Build.0 = Release|x64
		{719AD55D-AA26-44F1-A68B-04FC6D24F668}.Release|x86.ActiveCfg = Release|Win32
		{719AD55D-AA26-44F1-A68B-04FC6D24F668}.Release|x86.Build.0 = Release|Win32
		{0B65A160-FC67-49D2-B74D-57E30BDC1C73}.Debug|x64.ActiveCfg = Debug|x64
		{0B65A160-FC67-49D2-B74D-57E30BDC1C73}.Debug|x64.Build.0 = Debug|x64
		{0B65A160-FC67-49D2-B74D-57E30BDC1C73}.Debug|x86.ActiveCfg = Debug|Win32
		{0B65A160-FC67-49D2-B74D-57E30BDC1C73}.Debug|x86.Build.0 = Debug|Win32
		{0B65A160-FC67-49D2-B74D-57E30BDC1C73}.Release|x64.ActiveCfg = Release|x64
		{0B65A160-FC67-49D2-B74D-57E30BDC1C73}.Release|x64.Build.0 = Release|x64
		{0B65A160-FC67-49D2-B74D-57E30BDC1C73}.Release|x86.ActiveCfg = Release|Win32
		{0B65A160-FC67-49D2-B74D-57E30BDC1C73}.Release|x86.Build.0 = Release|Win32
		{84C47CE5-1BD2-422C-813E-224D1C27931B}.Debug|x64.ActiveCfg = Debug|x64
		{84C47CE5-1BD2-422C-813E-224D1C27931B}.Debug|x64.Build.0 = Debug|x64
		{84C47CE5-1BD2-422C-813E-224D1C27931B}.Debug|x86.ActiveCfg = Debug|Win32
		{84C47CE5-1BD2-422C-813E-224D1C27931B}.Debug|x86.Build.0 = Debug|Win32
		{84C47CE5-1BD2-422C-813E-224D1C27931B}.Release|x64.ActiveCfg = Release|x64
		{84C47CE5-1BD2-422C-813E-224D1C27931B}.Release|x64.Build.0 = Release|x64
		{84C47CE5-1BD2-422C-813E-224D1C27931B}.Release|x86.ActiveCfg = Release|Win32
		{84C47CE5-1BD2-422C-813E-224D1C27931B}.Release|x86.Build.0 = Release|Win32
		{C5DE2DF1-2050-4EB2-B5C9-281594141492}.Debug|x64.ActiveCfg = Debug|x64
		{C5DE2DF1-2050-4EB2-B5C9-281594141492}.Debug|x64.Build.0 = Debug|x64
		{C5DE2DF1-2050-4EB2-B5C9-281594141492}.Debug|x86.ActiveCfg = Debug|Win32
		{C5DE2DF1-2050-4EB2-B5C9-281594141492}.Debug|x86.Build.0 = Debug|Win32
		{C5DE2DF1-2050-4EB2-B5C9-281594141492}.Release|x64.ActiveCfg = Release|x64
		{C5DE2DF1-2050-4EB2-B5C9-281594141492}.Release|x64.Build.0 = Release|x64
		{C5DE2DF1-2050-4EB2-B5C9-281594141492}.Release|x86.ActiveCfg = Release|Win32
		{C5DE2DF1-2050-4EB2-B5C9-281594141492}.Release|x86.Build.0 = Release|Win32
		{A0DB9D78-FD37-43F1-B2B1-7063433241C4}.Debug|x64.ActiveCfg = Debug|x64
		{A0DB9D78-FD37-43F1-B2B1-7063433241C4}.Debug|x64.Build.0 = Debug|x64
		{A0DB9D78-FD37-43F1-B2B1-7063433241C4}.Debug|x86.ActiveCfg = Debug|Win32
		{A0DB9D78-FD37-43F1-B2B1-7063433241C4}.Debug|x86.Build.0 = Debug|Win32
		{A0DB9D78-FD37-43F1-B2B1-7063433241C4}.Release|x64.ActiveCfg = Release|x64
		{A0DB9D78-FD37-43F1-B2B1-7063433241C4}.Release|x64.Build.0 = Release|x64
		{A0DB9D78-FD37-43F1-B2B1-7063433241C4}.Release|x86.ActiveCfg = Release|Win32
		{A0DB9D78-FD37-43F1-B2B1-7063433241C4}.Release|x86.Build.0 = Release|Win32
		{43E1A639-C01A-49EB-950C-692818ED4462}.Debug|x64.ActiveCfg = Debug|x64
		{43E1A639-C01A-49EB-950C-692818ED4462}.Debug|x64.Build.0 = Debug|x64
		{43E1A639-C01A-49EB-950C-692818ED4462}.Debug|x86.ActiveCfg = Debug|Win32
		{43E1A639-C01A-49EB-950C-692818ED4462}.Debug|x86.Build.0 = Debug|Win32
		{43E1A639-C01A-49EB-950C-692818ED4462}.Release|x64.ActiveCfg = Release|x64
		{43E1A639-C01A-49EB-950C-692818ED4462}.Release|x64.Build.0 = Release|x64
		{43E1A639-C01A-49EB-950C-692818ED4462}.Release|x86.ActiveCfg = Release|Win32
		{43E1A639-C01A-49EB-950C-692818ED4462}.Release|x86.Build.0 = Release|Win32
		{CAD85765-06AD-4348-BD87-DEF18FAB9430}.Debug|x64.ActiveCfg = Debug|x64
		{CAD85765-06AD-4348-BD87-DEF18FAB9430}.Debug|x64.Build.0 = Debug|x64
		{CAD85765-06AD-4348-BD87-DEF18FAB9430}.Debug|x86.ActiveCfg = Debug|Win32
		{CAD85765-06AD-4348-BD87-DEF18FAB9430}.Debug|x86.Build.0 = Debug|Win32
		{CAD85765-06AD-4348-BD87-DEF18FAB9430}.Release|x64.ActiveCfg = Release|x64
		{CAD85765-06AD-4348-BD87-DEF18FAB9430}.Release|x64.Build.0 = Release|x64
		{CAD85765-06AD-4348-BD87-DEF18FAB9430}.Release|x86.ActiveCfg = Release|Win32
		{CAD85765-06AD-4348-BD87-DEF18FAB9430}.Release|x86.Build.0 = Release|Win32
		{11A795A4-7FDF-4840-9116-C585984B54E5}.Debug|x64.ActiveCfg = Debug|x64
		{11A795A4-7FDF-4840-9116-C585984B54E5}.Debug|x64.Build.0 = Debug|x64
		{11A795A4-7FDF-4840-9116-C585984B54E5}.Debug|x86.ActiveCfg = Debug|Win32
		{11A795A4-7FDF-4840-9116-C585984B54E5}.Debug|x86.Build.0 = Debug|Win32
		{11A795A4-7FDF-4840-9116-C585984B54E5}.Release|x64.ActiveCfg = Release|x64
		{11A795A4-7FDF-4840-9116-C585984B54E5}.Release|x64.Build.0 = Release|x64
		{11A795A4-7FDF-4840-9116-C585984B54E5}.Release|x86.ActiveCfg = Release|Win32
		{11A795A4-7FDF-4840-9116-C585984B54E5}.Release|x86.Build.0 = Release|Win32
	EndGlobalSection
	GlobalSection(SolutionProperties) = preSolution
		HideSolutionNode = FALSE
	EndGlobalSection
	GlobalSection(ExtensibilityGlobals) = postSolution
		SolutionGuid = {AFB3BA5D-6655-4B02-9086-7E1D79EACC65}
	EndGlobalSection
EndGlobal
