
Microsoft Visual Studio Solution File, Format Version 12.00
# Visual Studio 14
VisualStudioVersion = 14.0.25420.1
MinimumVisualStudioVersion = 10.0.40219.1
Project("{8BC9CEB8-8B4A-11D0-8D11-00A0C91BC942}") = "GDI", "GDI\Lab\GDI.vcxproj", "{0685360C-1B5E-4876-84F4-466BF94B1407}"
EndProject
Project("{8BC9CEB8-8B4A-11D0-8D11-00A0C91BC942}") = "CarBilboard", "GDI\CarBilboard\CarBilboard.vcxproj", "{5E90027C-76BA-48FF-BDDC-8A6034C2654D}"
EndProject
Project("{8BC9CEB8-8B4A-11D0-8D11-00A0C91BC942}") = "Suriken", "GDI\Suriken\Suriken.vcxproj", "{336D9AFB-97E6-4CC9-9F75-C759A1B468EB}"
EndProject
Project("{8BC9CEB8-8B4A-11D0-8D11-00A0C91BC942}") = "Pacman", "GDI\Pacman\Pacman.vcxproj", "{D8C5070E-048D-49ED-A99A-7D4DB4BFC0B2}"
EndProject
Project("{8BC9CEB8-8B4A-11D0-8D11-00A0C91BC942}") = "50Dinara", "GDI\50Dinara\50Dinara.vcxproj", "{7B73D008-EDBF-4F63-9F72-28FF37ABF785}"
EndProject
Project("{8BC9CEB8-8B4A-11D0-8D11-00A0C91BC942}") = "TestPrimer", "GDI\TestPrimer\TestPrimer.vcxproj", "{D588348D-3FB5-4F2A-BC1B-BB101A98A3E5}"
EndProject
Project("{8BC9CEB8-8B4A-11D0-8D11-00A0C91BC942}") = "Circles", "GDI\Circles\Circles.vcxproj", "{4F5DC336-1644-41E3-A892-6BA156961287}"
EndProject
Project("{8BC9CEB8-8B4A-11D0-8D11-00A0C91BC942}") = "Sat", "GDI\Sat\Sat.vcxproj", "{CD05826B-382B-47F2-A948-475F5DB99F27}"
EndProject
Project("{8BC9CEB8-8B4A-11D0-8D11-00A0C91BC942}") = "Trouglovi", "GDI\Trouglovi\Trouglovi.vcxproj", "{C4B37C70-C6CA-4FCF-A220-566B1168E2BA}"
EndProject
Global
	GlobalSection(SolutionConfigurationPlatforms) = preSolution
		Debug|x64 = Debug|x64
		Debug|x86 = Debug|x86
		Release|x64 = Release|x64
		Release|x86 = Release|x86
	EndGlobalSection
	GlobalSection(ProjectConfigurationPlatforms) = postSolution
		{0685360C-1B5E-4876-84F4-466BF94B1407}.Debug|x64.ActiveCfg = Debug|x64
		{0685360C-1B5E-4876-84F4-466BF94B1407}.Debug|x64.Build.0 = Debug|x64
		{0685360C-1B5E-4876-84F4-466BF94B1407}.Debug|x86.ActiveCfg = Debug|Win32
		{0685360C-1B5E-4876-84F4-466BF94B1407}.Debug|x86.Build.0 = Debug|Win32
		{0685360C-1B5E-4876-84F4-466BF94B1407}.Release|x64.ActiveCfg = Release|x64
		{0685360C-1B5E-4876-84F4-466BF94B1407}.Release|x64.Build.0 = Release|x64
		{0685360C-1B5E-4876-84F4-466BF94B1407}.Release|x86.ActiveCfg = Release|Win32
		{0685360C-1B5E-4876-84F4-466BF94B1407}.Release|x86.Build.0 = Release|Win32
		{5E90027C-76BA-48FF-BDDC-8A6034C2654D}.Debug|x64.ActiveCfg = Debug|x64
		{5E90027C-76BA-48FF-BDDC-8A6034C2654D}.Debug|x64.Build.0 = Debug|x64
		{5E90027C-76BA-48FF-BDDC-8A6034C2654D}.Debug|x86.ActiveCfg = Debug|Win32
		{5E90027C-76BA-48FF-BDDC-8A6034C2654D}.Debug|x86.Build.0 = Debug|Win32
		{5E90027C-76BA-48FF-BDDC-8A6034C2654D}.Release|x64.ActiveCfg = Release|x64
		{5E90027C-76BA-48FF-BDDC-8A6034C2654D}.Release|x64.Build.0 = Release|x64
		{5E90027C-76BA-48FF-BDDC-8A6034C2654D}.Release|x86.ActiveCfg = Release|Win32
		{5E90027C-76BA-48FF-BDDC-8A6034C2654D}.Release|x86.Build.0 = Release|Win32
		{336D9AFB-97E6-4CC9-9F75-C759A1B468EB}.Debug|x64.ActiveCfg = Debug|x64
		{336D9AFB-97E6-4CC9-9F75-C759A1B468EB}.Debug|x64.Build.0 = Debug|x64
		{336D9AFB-97E6-4CC9-9F75-C759A1B468EB}.Debug|x86.ActiveCfg = Debug|Win32
		{336D9AFB-97E6-4CC9-9F75-C759A1B468EB}.Debug|x86.Build.0 = Debug|Win32
		{336D9AFB-97E6-4CC9-9F75-C759A1B468EB}.Release|x64.ActiveCfg = Release|x64
		{336D9AFB-97E6-4CC9-9F75-C759A1B468EB}.Release|x64.Build.0 = Release|x64
		{336D9AFB-97E6-4CC9-9F75-C759A1B468EB}.Release|x86.ActiveCfg = Release|Win32
		{336D9AFB-97E6-4CC9-9F75-C759A1B468EB}.Release|x86.Build.0 = Release|Win32
		{D8C5070E-048D-49ED-A99A-7D4DB4BFC0B2}.Debug|x64.ActiveCfg = Debug|x64
		{D8C5070E-048D-49ED-A99A-7D4DB4BFC0B2}.Debug|x64.Build.0 = Debug|x64
		{D8C5070E-048D-49ED-A99A-7D4DB4BFC0B2}.Debug|x86.ActiveCfg = Debug|Win32
		{D8C5070E-048D-49ED-A99A-7D4DB4BFC0B2}.Debug|x86.Build.0 = Debug|Win32
		{D8C5070E-048D-49ED-A99A-7D4DB4BFC0B2}.Release|x64.ActiveCfg = Release|x64
		{D8C5070E-048D-49ED-A99A-7D4DB4BFC0B2}.Release|x64.Build.0 = Release|x64
		{D8C5070E-048D-49ED-A99A-7D4DB4BFC0B2}.Release|x86.ActiveCfg = Release|Win32
		{D8C5070E-048D-49ED-A99A-7D4DB4BFC0B2}.Release|x86.Build.0 = Release|Win32
		{7B73D008-EDBF-4F63-9F72-28FF37ABF785}.Debug|x64.ActiveCfg = Debug|x64
		{7B73D008-EDBF-4F63-9F72-28FF37ABF785}.Debug|x64.Build.0 = Debug|x64
		{7B73D008-EDBF-4F63-9F72-28FF37ABF785}.Debug|x86.ActiveCfg = Debug|Win32
		{7B73D008-EDBF-4F63-9F72-28FF37ABF785}.Debug|x86.Build.0 = Debug|Win32
		{7B73D008-EDBF-4F63-9F72-28FF37ABF785}.Release|x64.ActiveCfg = Release|x64
		{7B73D008-EDBF-4F63-9F72-28FF37ABF785}.Release|x64.Build.0 = Release|x64
		{7B73D008-EDBF-4F63-9F72-28FF37ABF785}.Release|x86.ActiveCfg = Release|Win32
		{7B73D008-EDBF-4F63-9F72-28FF37ABF785}.Release|x86.Build.0 = Release|Win32
		{D588348D-3FB5-4F2A-BC1B-BB101A98A3E5}.Debug|x64.ActiveCfg = Debug|x64
		{D588348D-3FB5-4F2A-BC1B-BB101A98A3E5}.Debug|x64.Build.0 = Debug|x64
		{D588348D-3FB5-4F2A-BC1B-BB101A98A3E5}.Debug|x86.ActiveCfg = Debug|Win32
		{D588348D-3FB5-4F2A-BC1B-BB101A98A3E5}.Debug|x86.Build.0 = Debug|Win32
		{D588348D-3FB5-4F2A-BC1B-BB101A98A3E5}.Release|x64.ActiveCfg = Release|x64
		{D588348D-3FB5-4F2A-BC1B-BB101A98A3E5}.Release|x64.Build.0 = Release|x64
		{D588348D-3FB5-4F2A-BC1B-BB101A98A3E5}.Release|x86.ActiveCfg = Release|Win32
		{D588348D-3FB5-4F2A-BC1B-BB101A98A3E5}.Release|x86.Build.0 = Release|Win32
		{4F5DC336-1644-41E3-A892-6BA156961287}.Debug|x64.ActiveCfg = Debug|x64
		{4F5DC336-1644-41E3-A892-6BA156961287}.Debug|x64.Build.0 = Debug|x64
		{4F5DC336-1644-41E3-A892-6BA156961287}.Debug|x86.ActiveCfg = Debug|Win32
		{4F5DC336-1644-41E3-A892-6BA156961287}.Debug|x86.Build.0 = Debug|Win32
		{4F5DC336-1644-41E3-A892-6BA156961287}.Release|x64.ActiveCfg = Release|x64
		{4F5DC336-1644-41E3-A892-6BA156961287}.Release|x64.Build.0 = Release|x64
		{4F5DC336-1644-41E3-A892-6BA156961287}.Release|x86.ActiveCfg = Release|Win32
		{4F5DC336-1644-41E3-A892-6BA156961287}.Release|x86.Build.0 = Release|Win32
		{CD05826B-382B-47F2-A948-475F5DB99F27}.Debug|x64.ActiveCfg = Debug|x64
		{CD05826B-382B-47F2-A948-475F5DB99F27}.Debug|x64.Build.0 = Debug|x64
		{CD05826B-382B-47F2-A948-475F5DB99F27}.Debug|x86.ActiveCfg = Debug|Win32
		{CD05826B-382B-47F2-A948-475F5DB99F27}.Debug|x86.Build.0 = Debug|Win32
		{CD05826B-382B-47F2-A948-475F5DB99F27}.Release|x64.ActiveCfg = Release|x64
		{CD05826B-382B-47F2-A948-475F5DB99F27}.Release|x64.Build.0 = Release|x64
		{CD05826B-382B-47F2-A948-475F5DB99F27}.Release|x86.ActiveCfg = Release|Win32
		{CD05826B-382B-47F2-A948-475F5DB99F27}.Release|x86.Build.0 = Release|Win32
		{C4B37C70-C6CA-4FCF-A220-566B1168E2BA}.Debug|x64.ActiveCfg = Debug|x64
		{C4B37C70-C6CA-4FCF-A220-566B1168E2BA}.Debug|x64.Build.0 = Debug|x64
		{C4B37C70-C6CA-4FCF-A220-566B1168E2BA}.Debug|x86.ActiveCfg = Debug|Win32
		{C4B37C70-C6CA-4FCF-A220-566B1168E2BA}.Debug|x86.Build.0 = Debug|Win32
		{C4B37C70-C6CA-4FCF-A220-566B1168E2BA}.Release|x64.ActiveCfg = Release|x64
		{C4B37C70-C6CA-4FCF-A220-566B1168E2BA}.Release|x64.Build.0 = Release|x64
		{C4B37C70-C6CA-4FCF-A220-566B1168E2BA}.Release|x86.ActiveCfg = Release|Win32
		{C4B37C70-C6CA-4FCF-A220-566B1168E2BA}.Release|x86.Build.0 = Release|Win32
	EndGlobalSection
	GlobalSection(SolutionProperties) = preSolution
		HideSolutionNode = FALSE
	EndGlobalSection
	GlobalSection(ExtensibilityGlobals) = postSolution
		SolutionGuid = {AFB3BA5D-6655-4B02-9086-7E1D79EACC65}
	EndGlobalSection
EndGlobal
